# THIS IS AN AUTOGENERATED FILE. DO NOT EDIT THIS FILE DIRECTLY.
# yarn lockfile v1


bindings@~1.2.1:
  version "1.2.1"
  resolved "https://registry.yarnpkg.com/bindings/-/bindings-1.2.1.tgz#14ad6113812d2d37d72e67b4cacb4bb726505f11"

mdns@^2.3.4:
  version "2.3.4"
  resolved "https://registry.yarnpkg.com/mdns/-/mdns-2.3.4.tgz#650380ac76089430cf6c8981a945dbd27d02f5b7"
  dependencies:
    bindings "~1.2.1"
    nan "~2.3.0"

nan@~2.3.0:
  version "2.3.5"
  resolved "https://registry.yarnpkg.com/nan/-/nan-2.3.5.tgz#822a0dc266290ce4cd3a12282ca3e7e364668a08"
